Microsoft Visual Studio Solution File, Format Version 12.00
# Visual Studio Version 17
VisualStudioVersion = 17.5.2.0
MinimumVisualStudioVersion = 10.0.40219.1
Project("{FAE04EC0-301F-11D3-BF4B-00C04F79EFBC}") = "CraigBot", "CraigBot.csproj", "{BAE6E808-DFED-58EC-0B2A-6F4251CACAB9}"
EndProject
Global
	GlobalSection(SolutionConfigurationPlatforms) = preSolution
		Debug|Any CPU = Debug|Any CPU
		Release|Any CPU = Release|Any CPU
	EndGlobalSection
	GlobalSection(ProjectConfigurationPlatforms) = postSolution
		{BAE6E808-DFED-58EC-0B2A-6F4251CACAB9}.Debug|Any CPU.ActiveCfg = Debug|Any CPU
		{BAE6E808-DFED-58EC-0B2A-6F4251CACAB9}.Debug|Any CPU.Build.0 = Debug|Any CPU
		{BAE6E808-DFED-58EC-0B2A-6F4251CACAB9}.Release|Any CPU.ActiveCfg = Release|Any CPU
		{BAE6E808-DFED-58EC-0B2A-6F4251CACAB9}.Release|Any CPU.Build.0 = Release|Any CPU
	EndGlobalSection
	GlobalSection(SolutionProperties) = preSolution
		HideSolutionNode = FALSE
	EndGlobalSection
	GlobalSection(ExtensibilityGlobals) = postSolution
		SolutionGuid = {A35CED25-F408-493F-B1E8-EAB49C7611BD}
	EndGlobalSection
EndGlobal
